
Microsoft Visual Studio Solution File, Format Version 12.00
# Visual Studio Version 17
VisualStudioVersion = 17.14.36414.22 d17.14
MinimumVisualStudioVersion = 10.0.40219.1
Project("{FAE04EC0-301F-11D3-BF4B-00C04F79EFBC}") = "KPO_HW", "KPO_HW.csproj", "{2DAD3369-0420-4266-8C34-7E9F248AADF9}"
EndProject
Global
	GlobalSection(SolutionConfigurationPlatforms) = preSolution
		Debug|Any CPU = Debug|Any CPU
		Release|Any CPU = Release|Any CPU
	EndGlobalSection
	GlobalSection(ProjectConfigurationPlatforms) = postSolution
		{2DAD3369-0420-4266-8C34-7E9F248AADF9}.Debug|Any CPU.ActiveCfg = Debug|Any CPU
		{2DAD3369-0420-4266-8C34-7E9F248AADF9}.Debug|Any CPU.Build.0 = Debug|Any CPU
		{2DAD3369-0420-4266-8C34-7E9F248AADF9}.Release|Any CPU.ActiveCfg = Release|Any CPU
		{2DAD3369-0420-4266-8C34-7E9F248AADF9}.Release|Any CPU.Build.0 = Release|Any CPU
	EndGlobalSection
	GlobalSection(SolutionProperties) = preSolution
		HideSolutionNode = FALSE
	EndGlobalSection
	GlobalSection(ExtensibilityGlobals) = postSolution
		SolutionGuid = {970C6359-4E4E-4010-82A7-8442518B8C6A}
	EndGlobalSection
EndGlobal
